
Microsoft Visual Studio Solution File, Format Version 12.00
# Visual Studio 14
VisualStudioVersion = 14.0.24720.0
MinimumVisualStudioVersion = 10.0.40219.1
Project("{FAE04EC0-301F-11D3-BF4B-00C04F79EFBC}") = "AssemblyReader", "AssemblyReader\AssemblyReader.csproj", "{E672826D-9DC7-4122-AA75-CE4CF8F6DE12}"
EndProject
Project("{FAE04EC0-301F-11D3-BF4B-00C04F79EFBC}") = "ActivitiesEx", "InvokeMethodEx\ActivitiesEx.csproj", "{A7620634-19F8-4CD7-8C8B-AEAC8227FB93}"
EndProject
Global
	GlobalSection(SolutionConfigurationPlatforms) = preSolution
		Debug|Any CPU = Debug|Any CPU
		Release|Any CPU = Release|Any CPU
	EndGlobalSection
	GlobalSection(ProjectConfigurationPlatforms) = postSolution
		{E672826D-9DC7-4122-AA75-CE4CF8F6DE12}.Debug|Any CPU.ActiveCfg = Debug|Any CPU
		{E672826D-9DC7-4122-AA75-CE4CF8F6DE12}.Debug|Any CPU.Build.0 = Debug|Any CPU
		{E672826D-9DC7-4122-AA75-CE4CF8F6DE12}.Release|Any CPU.ActiveCfg = Release|Any CPU
		{E672826D-9DC7-4122-AA75-CE4CF8F6DE12}.Release|Any CPU.Build.0 = Release|Any CPU
		{A7620634-19F8-4CD7-8C8B-AEAC8227FB93}.Debug|Any CPU.ActiveCfg = Debug|Any CPU
		{A7620634-19F8-4CD7-8C8B-AEAC8227FB93}.Debug|Any CPU.Build.0 = Debug|Any CPU
		{A7620634-19F8-4CD7-8C8B-AEAC8227FB93}.Release|Any CPU.ActiveCfg = Release|Any CPU
		{A7620634-19F8-4CD7-8C8B-AEAC8227FB93}.Release|Any CPU.Build.0 = Release|Any CPU
	EndGlobalSection
	GlobalSection(SolutionProperties) = preSolution
		HideSolutionNode = FALSE
	EndGlobalSection
EndGlobal
