
Microsoft Visual Studio Solution File, Format Version 12.00
# Visual Studio 14
VisualStudioVersion = 14.0.24720.0
MinimumVisualStudioVersion = 10.0.40219.1
Project("{FAE04EC0-301F-11D3-BF4B-00C04F79EFBC}") = "ActivitiesEx", "InvokeMethodEx\ActivitiesEx.csproj", "{A7620634-19F8-4CD7-8C8B-AEAC8227FB93}"
EndProject
Project("{FAE04EC0-301F-11D3-BF4B-00C04F79EFBC}") = "WorkflowTestConsole", "WorkflowTestConsole\WorkflowTestConsole.csproj", "{B5A55883-F572-445A-9245-7E42151B6061}"
EndProject
Global
	GlobalSection(SolutionConfigurationPlatforms) = preSolution
		Debug|Any CPU = Debug|Any CPU
		Debug|x86 = Debug|x86
		Release|Any CPU = Release|Any CPU
		Release|x86 = Release|x86
	EndGlobalSection
	GlobalSection(ProjectConfigurationPlatforms) = postSolution
		{A7620634-19F8-4CD7-8C8B-AEAC8227FB93}.Debug|Any CPU.ActiveCfg = Debug|Any CPU
		{A7620634-19F8-4CD7-8C8B-AEAC8227FB93}.Debug|Any CPU.Build.0 = Debug|Any CPU
		{A7620634-19F8-4CD7-8C8B-AEAC8227FB93}.Debug|x86.ActiveCfg = Debug|Any CPU
		{A7620634-19F8-4CD7-8C8B-AEAC8227FB93}.Debug|x86.Build.0 = Debug|Any CPU
		{A7620634-19F8-4CD7-8C8B-AEAC8227FB93}.Release|Any CPU.ActiveCfg = Release|Any CPU
		{A7620634-19F8-4CD7-8C8B-AEAC8227FB93}.Release|Any CPU.Build.0 = Release|Any CPU
		{A7620634-19F8-4CD7-8C8B-AEAC8227FB93}.Release|x86.ActiveCfg = Release|Any CPU
		{A7620634-19F8-4CD7-8C8B-AEAC8227FB93}.Release|x86.Build.0 = Release|Any CPU
		{B5A55883-F572-445A-9245-7E42151B6061}.Debug|Any CPU.ActiveCfg = Debug|x86
		{B5A55883-F572-445A-9245-7E42151B6061}.Debug|x86.ActiveCfg = Debug|x86
		{B5A55883-F572-445A-9245-7E42151B6061}.Debug|x86.Build.0 = Debug|x86
		{B5A55883-F572-445A-9245-7E42151B6061}.Release|Any CPU.ActiveCfg = Release|x86
		{B5A55883-F572-445A-9245-7E42151B6061}.Release|x86.ActiveCfg = Release|x86
		{B5A55883-F572-445A-9245-7E42151B6061}.Release|x86.Build.0 = Release|x86
	EndGlobalSection
	GlobalSection(SolutionProperties) = preSolution
		HideSolutionNode = FALSE
	EndGlobalSection
EndGlobal
